hash: d7f727adfbed6411c3101d53bedf5e237ffeab311d161c8c5f8b514f4b4eb3d3
updated: 2021-01-28T18:59:07.841684-08:00
imports:
- name: github.com/apache/thrift
  version: b2a4d4ae21c789b689dd162deb819665567f481c
  subpackages:
  - lib/go/thrift
- name: github.com/benbjohnson/clock
  version: a620c1cc9866f84a2550ad53f4f353ec030fa26b
- name: github.com/cactus/go-statsd-client
  version: 91c326c3f7bd20f0226d3d1c289dd9f8ce28d33d
  subpackages:
  - statsd
- name: github.com/davecgh/go-spew
  version: 04cdfd42973bb9c8589fd6a731800cf222fde1a9
  subpackages:
  - spew
- name: github.com/dgryski/go-farm
  version: fc41e106ee0e4394f69a56046e5c5adbaf29d912
- name: github.com/opentracing/opentracing-go
  version: d34af3eaa63c4d08ab54863a4bdd0daa45212e12
  subpackages:
  - ext
  - log
- name: github.com/pkg/errors
  version: 645ef00459ed84a119197bfb8d8205042c6df63d
- name: github.com/pmezard/go-difflib
  version: d8ed2627bdf02c080bf22230dbb337003b7aba2d
  subpackages:
  - difflib
- name: github.com/rcrowley/go-metrics
  version: dee209f2455f101a5e4e593dea94872d2c62d85d
- name: github.com/sirupsen/logrus
  version: abee6f9b0679f8044f5fca552eb6a9691a55d4ac
- name: github.com/stretchr/objx
  version: cbeaeb16a013161a98496fad62933b1d21786672
- name: github.com/stretchr/testify
  version: acba37e5db06f0093b465a7d47822bf13644b66c
  subpackages:
  - assert
  - mock
  - require
  - suite
- name: github.com/uber-common/bark
  version: dbf558e8a7b65e2b54e1e01c14ee0e4207a865f5
- name: github.com/uber-go/atomic
  version: 12f27ba2637fa0e13772a4f05fa46a5d18d53182
  subpackages:
  - utils
- name: github.com/uber/tchannel-go
  version: cc230a2942d078a8b01f4a79895dad62e6c572f1
  subpackages:
  - internal/argreader
  - json
  - raw
  - relay
  - thrift
  - thrift/gen-go/meta
  - thrift/thrift-gen
  - tnet
  - tos
  - trand
  - typed
- name: golang.org/x/net
  version: f5079bd7f6f74e23c4d65efa0f4ce14cbd6a3c0f
  subpackages:
  - bpf
  - context
  - internal/iana
  - internal/socket
  - ipv4
  - ipv6
- name: golang.org/x/sys
  version: d4feaf1a7e61e1d9e79e6c4e76c6349e9cab0a03
  subpackages:
  - unix
  - windows
- name: gopkg.in/yaml.v2
  version: a83829b6f1293c91addabc89d0571c246397bbf4
- name: gopkg.in/yaml.v3
  version: 496545a6307b2a7d7a710fd516e5e16e8ab62dbc
testImports: []
